
Microsoft Visual Studio Solution File, Format Version 12.00
# Visual Studio Version 17
VisualStudioVersion = 17.14.36429.23 d17.14
MinimumVisualStudioVersion = 10.0.40219.1
Project("{FAE04EC0-301F-11D3-BF4B-00C04F79EFBC}") = "YesterExts", "YesterExts.csproj", "{C5D7E2DD-2D7D-45A4-9255-B13B1BFA179B}"
EndProject
Global
	GlobalSection(SolutionConfigurationPlatforms) = preSolution
		Debug|Any CPU = Debug|Any CPU
		Release|Any CPU = Release|Any CPU
	EndGlobalSection
	GlobalSection(ProjectConfigurationPlatforms) = postSolution
		{C5D7E2DD-2D7D-45A4-9255-B13B1BFA179B}.Debug|Any CPU.ActiveCfg = Debug|Any CPU
		{C5D7E2DD-2D7D-45A4-9255-B13B1BFA179B}.Debug|Any CPU.Build.0 = Debug|Any CPU
		{C5D7E2DD-2D7D-45A4-9255-B13B1BFA179B}.Release|Any CPU.ActiveCfg = Release|Any CPU
		{C5D7E2DD-2D7D-45A4-9255-B13B1BFA179B}.Release|Any CPU.Build.0 = Release|Any CPU
	EndGlobalSection
	GlobalSection(SolutionProperties) = preSolution
		HideSolutionNode = FALSE
	EndGlobalSection
	GlobalSection(ExtensibilityGlobals) = postSolution
		SolutionGuid = {7C20652E-18EC-4EBC-A746-4C637989F66C}
	EndGlobalSection
EndGlobal
